
Microsoft Visual Studio Solution File, Format Version 12.00
# Visual Studio Version 16
VisualStudioVersion = 16.0.28803.916
MinimumVisualStudioVersion = 10.0.40219.1
Project("{FAE04EC0-301F-11D3-BF4B-00C04F79EFBC}") = "Code_First", "Code_First\Code_First.csproj", "{05C92C5B-C874-4AF7-9B42-106EA4A6DC40}"
EndProject
Global
	GlobalSection(SolutionConfigurationPlatforms) = preSolution
		Debug|Any CPU = Debug|Any CPU
		Release|Any CPU = Release|Any CPU
	EndGlobalSection
	GlobalSection(ProjectConfigurationPlatforms) = postSolution
		{05C92C5B-C874-4AF7-9B42-106EA4A6DC40}.Debug|Any CPU.ActiveCfg = Debug|Any CPU
		{05C92C5B-C874-4AF7-9B42-106EA4A6DC40}.Debug|Any CPU.Build.0 = Debug|Any CPU
		{05C92C5B-C874-4AF7-9B42-106EA4A6DC40}.Release|Any CPU.ActiveCfg = Release|Any CPU
		{05C92C5B-C874-4AF7-9B42-106EA4A6DC40}.Release|Any CPU.Build.0 = Release|Any CPU
	EndGlobalSection
	GlobalSection(SolutionProperties) = preSolution
		HideSolutionNode = FALSE
	EndGlobalSection
	GlobalSection(ExtensibilityGlobals) = postSolution
		SolutionGuid = {BA00A4BF-EC05-4752-8965-A2433A6388E7}
	EndGlobalSection
EndGlobal
