
Microsoft Visual Studio Solution File, Format Version 12.00
# Visual Studio Version 16
VisualStudioVersion = 16.0.28803.916
MinimumVisualStudioVersion = 10.0.40219.1
Project("{FAE04EC0-301F-11D3-BF4B-00C04F79EFBC}") = "LoginAddManager", "LoginAddManager\LoginAddManager.csproj", "{6C805347-0450-481A-890A-9665D5E6ADDE}"
EndProject
Global
	GlobalSection(SolutionConfigurationPlatforms) = preSolution
		Debug|Any CPU = Debug|Any CPU
		Release|Any CPU = Release|Any CPU
	EndGlobalSection
	GlobalSection(ProjectConfigurationPlatforms) = postSolution
		{6C805347-0450-481A-890A-9665D5E6ADDE}.Debug|Any CPU.ActiveCfg = Debug|Any CPU
		{6C805347-0450-481A-890A-9665D5E6ADDE}.Debug|Any CPU.Build.0 = Debug|Any CPU
		{6C805347-0450-481A-890A-9665D5E6ADDE}.Release|Any CPU.ActiveCfg = Release|Any CPU
		{6C805347-0450-481A-890A-9665D5E6ADDE}.Release|Any CPU.Build.0 = Release|Any CPU
	EndGlobalSection
	GlobalSection(SolutionProperties) = preSolution
		HideSolutionNode = FALSE
	EndGlobalSection
	GlobalSection(ExtensibilityGlobals) = postSolution
		SolutionGuid = {6F537106-AB40-41FF-8F2B-F5D8C356302E}
	EndGlobalSection
EndGlobal
