
Microsoft Visual Studio Solution File, Format Version 12.00
# Visual Studio Version 16
VisualStudioVersion = 16.0.28803.916
MinimumVisualStudioVersion = 10.0.40219.1
Project("{FAE04EC0-301F-11D3-BF4B-00C04F79EFBC}") = "Project", "Project\Project.csproj", "{EB2249A3-572E-485A-B2F7-AAF8FAFBD89D}"
EndProject
Global
	GlobalSection(SolutionConfigurationPlatforms) = preSolution
		Debug|Any CPU = Debug|Any CPU
		Release|Any CPU = Release|Any CPU
	EndGlobalSection
	GlobalSection(ProjectConfigurationPlatforms) = postSolution
		{EB2249A3-572E-485A-B2F7-AAF8FAFBD89D}.Debug|Any CPU.ActiveCfg = Debug|Any CPU
		{EB2249A3-572E-485A-B2F7-AAF8FAFBD89D}.Debug|Any CPU.Build.0 = Debug|Any CPU
		{EB2249A3-572E-485A-B2F7-AAF8FAFBD89D}.Release|Any CPU.ActiveCfg = Release|Any CPU
		{EB2249A3-572E-485A-B2F7-AAF8FAFBD89D}.Release|Any CPU.Build.0 = Release|Any CPU
	EndGlobalSection
	GlobalSection(SolutionProperties) = preSolution
		HideSolutionNode = FALSE
	EndGlobalSection
	GlobalSection(ExtensibilityGlobals) = postSolution
		SolutionGuid = {B3F9DAB2-C4C5-448C-BE41-5D67132471E6}
	EndGlobalSection
EndGlobal
