
Microsoft Visual Studio Solution File, Format Version 12.00
# Visual Studio Version 16
VisualStudioVersion = 16.0.28803.916
MinimumVisualStudioVersion = 10.0.40219.1
Project("{FAE04EC0-301F-11D3-BF4B-00C04F79EFBC}") = "Assignment-7", "Assignment-7\Assignment-7.csproj", "{A445B738-3DD4-4D60-B8BE-E7B940571750}"
EndProject
Global
	GlobalSection(SolutionConfigurationPlatforms) = preSolution
		Debug|Any CPU = Debug|Any CPU
		Release|Any CPU = Release|Any CPU
	EndGlobalSection
	GlobalSection(ProjectConfigurationPlatforms) = postSolution
		{A445B738-3DD4-4D60-B8BE-E7B940571750}.Debug|Any CPU.ActiveCfg = Debug|Any CPU
		{A445B738-3DD4-4D60-B8BE-E7B940571750}.Debug|Any CPU.Build.0 = Debug|Any CPU
		{A445B738-3DD4-4D60-B8BE-E7B940571750}.Release|Any CPU.ActiveCfg = Release|Any CPU
		{A445B738-3DD4-4D60-B8BE-E7B940571750}.Release|Any CPU.Build.0 = Release|Any CPU
	EndGlobalSection
	GlobalSection(SolutionProperties) = preSolution
		HideSolutionNode = FALSE
	EndGlobalSection
	GlobalSection(ExtensibilityGlobals) = postSolution
		SolutionGuid = {051FD891-3B57-40C3-A2F2-992FE23A25FF}
	EndGlobalSection
EndGlobal
