
Microsoft Visual Studio Solution File, Format Version 12.00
# Visual Studio Version 16
VisualStudioVersion = 16.0.28803.916
MinimumVisualStudioVersion = 10.0.40219.1
Project("{FAE04EC0-301F-11D3-BF4B-00C04F79EFBC}") = "MVC_Test", "MVC_Test\MVC_Test.csproj", "{A44D9601-19C3-4F94-9E60-733B1DC62405}"
EndProject
Global
	GlobalSection(SolutionConfigurationPlatforms) = preSolution
		Debug|Any CPU = Debug|Any CPU
		Release|Any CPU = Release|Any CPU
	EndGlobalSection
	GlobalSection(ProjectConfigurationPlatforms) = postSolution
		{A44D9601-19C3-4F94-9E60-733B1DC62405}.Debug|Any CPU.ActiveCfg = Debug|Any CPU
		{A44D9601-19C3-4F94-9E60-733B1DC62405}.Debug|Any CPU.Build.0 = Debug|Any CPU
		{A44D9601-19C3-4F94-9E60-733B1DC62405}.Release|Any CPU.ActiveCfg = Release|Any CPU
		{A44D9601-19C3-4F94-9E60-733B1DC62405}.Release|Any CPU.Build.0 = Release|Any CPU
	EndGlobalSection
	GlobalSection(SolutionProperties) = preSolution
		HideSolutionNode = FALSE
	EndGlobalSection
	GlobalSection(ExtensibilityGlobals) = postSolution
		SolutionGuid = {02110F07-BD65-4575-9B2B-E6E6745A6AB0}
	EndGlobalSection
EndGlobal
