
Microsoft Visual Studio Solution File, Format Version 12.00
# Visual Studio Version 16
VisualStudioVersion = 16.0.28803.916
MinimumVisualStudioVersion = 10.0.40219.1
Project("{FAE04EC0-301F-11D3-BF4B-00C04F79EFBC}") = "WebAPI_Client", "WebAPI_Client\WebAPI_Client.csproj", "{7B9C7EB0-38F2-4B15-ABE3-6D59AC187791}"
EndProject
Global
	GlobalSection(SolutionConfigurationPlatforms) = preSolution
		Debug|Any CPU = Debug|Any CPU
		Release|Any CPU = Release|Any CPU
	EndGlobalSection
	GlobalSection(ProjectConfigurationPlatforms) = postSolution
		{7B9C7EB0-38F2-4B15-ABE3-6D59AC187791}.Debug|Any CPU.ActiveCfg = Debug|Any CPU
		{7B9C7EB0-38F2-4B15-ABE3-6D59AC187791}.Debug|Any CPU.Build.0 = Debug|Any CPU
		{7B9C7EB0-38F2-4B15-ABE3-6D59AC187791}.Release|Any CPU.ActiveCfg = Release|Any CPU
		{7B9C7EB0-38F2-4B15-ABE3-6D59AC187791}.Release|Any CPU.Build.0 = Release|Any CPU
	EndGlobalSection
	GlobalSection(SolutionProperties) = preSolution
		HideSolutionNode = FALSE
	EndGlobalSection
	GlobalSection(ExtensibilityGlobals) = postSolution
		SolutionGuid = {64E9580E-9968-4C39-B41E-B8C0A658F4BE}
	EndGlobalSection
EndGlobal
