
Microsoft Visual Studio Solution File, Format Version 12.00
# Visual Studio Version 16
VisualStudioVersion = 16.0.28803.916
MinimumVisualStudioVersion = 10.0.40219.1
Project("{FAE04EC0-301F-11D3-BF4B-00C04F79EFBC}") = "Assignment_2", "Assignment_2\Assignment_2.csproj", "{9758D711-0140-495E-9832-30EA4974C0A7}"
EndProject
Global
	GlobalSection(SolutionConfigurationPlatforms) = preSolution
		Debug|Any CPU = Debug|Any CPU
		Release|Any CPU = Release|Any CPU
	EndGlobalSection
	GlobalSection(ProjectConfigurationPlatforms) = postSolution
		{9758D711-0140-495E-9832-30EA4974C0A7}.Debug|Any CPU.ActiveCfg = Debug|Any CPU
		{9758D711-0140-495E-9832-30EA4974C0A7}.Debug|Any CPU.Build.0 = Debug|Any CPU
		{9758D711-0140-495E-9832-30EA4974C0A7}.Release|Any CPU.ActiveCfg = Release|Any CPU
		{9758D711-0140-495E-9832-30EA4974C0A7}.Release|Any CPU.Build.0 = Release|Any CPU
	EndGlobalSection
	GlobalSection(SolutionProperties) = preSolution
		HideSolutionNode = FALSE
	EndGlobalSection
	GlobalSection(ExtensibilityGlobals) = postSolution
		SolutionGuid = {8AF349E9-4BE8-4C7C-AC40-2FF1E7AF53DF}
	EndGlobalSection
EndGlobal
