
Microsoft Visual Studio Solution File, Format Version 12.00
# Visual Studio Version 16
VisualStudioVersion = 16.0.28803.916
MinimumVisualStudioVersion = 10.0.40219.1
Project("{FAE04EC0-301F-11D3-BF4B-00C04F79EFBC}") = "Basic", "Basic\Basic.csproj", "{83C6118C-5CBE-46BA-8C9C-AADC1A3ABB82}"
EndProject
Global
	GlobalSection(SolutionConfigurationPlatforms) = preSolution
		Debug|Any CPU = Debug|Any CPU
		Release|Any CPU = Release|Any CPU
	EndGlobalSection
	GlobalSection(ProjectConfigurationPlatforms) = postSolution
		{83C6118C-5CBE-46BA-8C9C-AADC1A3ABB82}.Debug|Any CPU.ActiveCfg = Debug|Any CPU
		{83C6118C-5CBE-46BA-8C9C-AADC1A3ABB82}.Debug|Any CPU.Build.0 = Debug|Any CPU
		{83C6118C-5CBE-46BA-8C9C-AADC1A3ABB82}.Release|Any CPU.ActiveCfg = Release|Any CPU
		{83C6118C-5CBE-46BA-8C9C-AADC1A3ABB82}.Release|Any CPU.Build.0 = Release|Any CPU
	EndGlobalSection
	GlobalSection(SolutionProperties) = preSolution
		HideSolutionNode = FALSE
	EndGlobalSection
	GlobalSection(ExtensibilityGlobals) = postSolution
		SolutionGuid = {2866F2AF-FB50-4F25-AC3D-E042AEBBBD72}
	EndGlobalSection
EndGlobal
