
Microsoft Visual Studio Solution File, Format Version 12.00
# Visual Studio Version 16
VisualStudioVersion = 16.0.28803.916
MinimumVisualStudioVersion = 10.0.40219.1
Project("{FAE04EC0-301F-11D3-BF4B-00C04F79EFBC}") = "Day2_EF", "Day2_EF\Day2_EF.csproj", "{5EC03ACA-DC50-4373-B1D1-52C48091D336}"
EndProject
Global
	GlobalSection(SolutionConfigurationPlatforms) = preSolution
		Debug|Any CPU = Debug|Any CPU
		Release|Any CPU = Release|Any CPU
	EndGlobalSection
	GlobalSection(ProjectConfigurationPlatforms) = postSolution
		{5EC03ACA-DC50-4373-B1D1-52C48091D336}.Debug|Any CPU.ActiveCfg = Debug|Any CPU
		{5EC03ACA-DC50-4373-B1D1-52C48091D336}.Debug|Any CPU.Build.0 = Debug|Any CPU
		{5EC03ACA-DC50-4373-B1D1-52C48091D336}.Release|Any CPU.ActiveCfg = Release|Any CPU
		{5EC03ACA-DC50-4373-B1D1-52C48091D336}.Release|Any CPU.Build.0 = Release|Any CPU
	EndGlobalSection
	GlobalSection(SolutionProperties) = preSolution
		HideSolutionNode = FALSE
	EndGlobalSection
	GlobalSection(ExtensibilityGlobals) = postSolution
		SolutionGuid = {D3FD9523-F069-46A6-81E4-7EC297A9DB5A}
	EndGlobalSection
EndGlobal
