
Microsoft Visual Studio Solution File, Format Version 12.00
# Visual Studio Version 16
VisualStudioVersion = 16.0.28803.916
MinimumVisualStudioVersion = 10.0.40219.1
Project("{FAE04EC0-301F-11D3-BF4B-00C04F79EFBC}") = "sample-01", "sample-01\sample-01.csproj", "{31676A8C-B14E-4C2B-AE31-69233B43030E}"
EndProject
Global
	GlobalSection(SolutionConfigurationPlatforms) = preSolution
		Debug|Any CPU = Debug|Any CPU
		Release|Any CPU = Release|Any CPU
	EndGlobalSection
	GlobalSection(ProjectConfigurationPlatforms) = postSolution
		{31676A8C-B14E-4C2B-AE31-69233B43030E}.Debug|Any CPU.ActiveCfg = Debug|Any CPU
		{31676A8C-B14E-4C2B-AE31-69233B43030E}.Debug|Any CPU.Build.0 = Debug|Any CPU
		{31676A8C-B14E-4C2B-AE31-69233B43030E}.Release|Any CPU.ActiveCfg = Release|Any CPU
		{31676A8C-B14E-4C2B-AE31-69233B43030E}.Release|Any CPU.Build.0 = Release|Any CPU
	EndGlobalSection
	GlobalSection(SolutionProperties) = preSolution
		HideSolutionNode = FALSE
	EndGlobalSection
	GlobalSection(ExtensibilityGlobals) = postSolution
		SolutionGuid = {80EA9B2A-8F09-4F2A-A341-8774F73CE612}
	EndGlobalSection
EndGlobal
